
Microsoft Visual Studio Solution File, Format Version 12.00
# Visual Studio Version 17
VisualStudioVersion = 17.10.35122.118
MinimumVisualStudioVersion = 10.0.40219.1
Project("{9A19103F-16F7-4668-BE54-9A1E7A4F7556}") = "ProductAvailability", "ProductAvailability\ProductAvailability.csproj", "{53998048-38F4-4768-A6F2-A8CA46F97F44}"
EndProject
Project("{FAE04EC0-301F-11D3-BF4B-00C04F79EFBC}") = "ProductAvailability.Tests", "ProductAvailability.Tests\ProductAvailability.Tests.csproj", "{6416ADFA-3916-46D5-A04D-48B034CB04F5}"
EndProject
Global
	GlobalSection(SolutionConfigurationPlatforms) = preSolution
		Debug|Any CPU = Debug|Any CPU
		Release|Any CPU = Release|Any CPU
	EndGlobalSection
	GlobalSection(ProjectConfigurationPlatforms) = postSolution
		{53998048-38F4-4768-A6F2-A8CA46F97F44}.Debug|Any CPU.ActiveCfg = Debug|Any CPU
		{53998048-38F4-4768-A6F2-A8CA46F97F44}.Debug|Any CPU.Build.0 = Debug|Any CPU
		{53998048-38F4-4768-A6F2-A8CA46F97F44}.Release|Any CPU.ActiveCfg = Release|Any CPU
		{53998048-38F4-4768-A6F2-A8CA46F97F44}.Release|Any CPU.Build.0 = Release|Any CPU
		{6416ADFA-3916-46D5-A04D-48B034CB04F5}.Debug|Any CPU.ActiveCfg = Debug|Any CPU
		{6416ADFA-3916-46D5-A04D-48B034CB04F5}.Debug|Any CPU.Build.0 = Debug|Any CPU
		{6416ADFA-3916-46D5-A04D-48B034CB04F5}.Release|Any CPU.ActiveCfg = Release|Any CPU
		{6416ADFA-3916-46D5-A04D-48B034CB04F5}.Release|Any CPU.Build.0 = Release|Any CPU
	EndGlobalSection
	GlobalSection(SolutionProperties) = preSolution
		HideSolutionNode = FALSE
	EndGlobalSection
	GlobalSection(ExtensibilityGlobals) = postSolution
		SolutionGuid = {A3469FFB-F40F-4172-8E2A-679CC82D464C}
	EndGlobalSection
EndGlobal
